
Microsoft Visual Studio Solution File, Format Version 12.00
# Visual Studio Version 16
VisualStudioVersion = 16.0.31112.23
MinimumVisualStudioVersion = 10.0.40219.1
Project("{8BC9CEB8-8B4A-11D0-8D11-00A0C91BC942}") = "Transport_F", "Transport_F\Transport_F.vcxproj", "{D00999C2-29D3-4476-90D2-0187719C90B6}"
EndProject
Global
	GlobalSection(SolutionConfigurationPlatforms) = preSolution
		Debug|x64 = Debug|x64
		Debug|x86 = Debug|x86
		Release|x64 = Release|x64
		Release|x86 = Release|x86
	EndGlobalSection
	GlobalSection(ProjectConfigurationPlatforms) = postSolution
		{D00999C2-29D3-4476-90D2-0187719C90B6}.Debug|x64.ActiveCfg = Debug|x64
		{D00999C2-29D3-4476-90D2-0187719C90B6}.Debug|x64.Build.0 = Debug|x64
		{D00999C2-29D3-4476-90D2-0187719C90B6}.Debug|x86.ActiveCfg = Debug|Win32
		{D00999C2-29D3-4476-90D2-0187719C90B6}.Debug|x86.Build.0 = Debug|Win32
		{D00999C2-29D3-4476-90D2-0187719C90B6}.Release|x64.ActiveCfg = Release|x64
		{D00999C2-29D3-4476-90D2-0187719C90B6}.Release|x64.Build.0 = Release|x64
		{D00999C2-29D3-4476-90D2-0187719C90B6}.Release|x86.ActiveCfg = Release|Win32
		{D00999C2-29D3-4476-90D2-0187719C90B6}.Release|x86.Build.0 = Release|Win32
	EndGlobalSection
	GlobalSection(SolutionProperties) = preSolution
		HideSolutionNode = FALSE
	EndGlobalSection
	GlobalSection(ExtensibilityGlobals) = postSolution
		SolutionGuid = {DC0B622B-2B76-44D0-B0C3-6840770CF54A}
	EndGlobalSection
EndGlobal
